// !$*UTF8*$!
{
	archiveVersion = 1;
	classes = {
	};
	objectVersion = 46;
	objects = {

/* Begin PBXBuildFile section */
		92481B451D1C1D550090A979 /* main.m in Sources */ = {isa = PBXBuildFile; fileRef = 92481B441D1C1D550090A979 /* main.m */; };
		92481B481D1C1D550090A979 /* AppDelegate.m in Sources */ = {isa = PBXBuildFile; fileRef = 92481B471D1C1D550090A979 /* AppDelegate.m */; };
		92481B4B1D1C1D550090A979 /* ViewController.m in Sources */ = {isa = PBXBuildFile; fileRef = 92481B4A1D1C1D550090A979 /* ViewController.m */; };
		92481B4E1D1C1D550090A979 /* Main.storyboard in Resources */ = {isa = PBXBuildFile; fileRef = 92481B4C1D1C1D550090A979 /* Main.storyboard */; };
		92481B501D1C1D550090A979 /* Assets.xcassets in Resources */ = {isa = PBXBuildFile; fileRef = 92481B4F1D1C1D550090A979 /* Assets.xcassets */; };
		92481B531D1C1D550090A979 /* LaunchScreen.storyboard in Resources */ = {isa = PBXBuildFile; fileRef = 92481B511D1C1D550090A979 /* LaunchScreen.storyboard */; };
		92481B5E1D1C1D550090A979 /* DemoWebServicesTests.m in Sources */ = {isa = PBXBuildFile; fileRef = 92481B5D1D1C1D550090A979 /* DemoWebServicesTests.m */; };
		92481B691D1C1D550090A979 /* DemoWebServicesUITests.m in Sources */ = {isa = PBXBuildFile; fileRef = 92481B681D1C1D550090A979 /* DemoWebServicesUITests.m */; };
/* End PBXBuildFile section */

/* Begin PBXContainerItemProxy section */
		92481B5A1D1C1D550090A979 /* PBXContainerItemProxy */ = {
			isa = PBXContainerItemProxy;
			containerPortal = 92481B381D1C1D540090A979 /* Project object */;
			proxyType = 1;
			remoteGlobalIDString = 92481B3F1D1C1D540090A979;
			remoteInfo = DemoWebServices;
		};
		92481B651D1C1D550090A979 /* PBXContainerItemProxy */ = {
			isa = PBXContainerItemProxy;
			containerPortal = 92481B381D1C1D540090A979 /* Project object */;
			proxyType = 1;
			remoteGlobalIDString = 92481B3F1D1C1D540090A979;
			remoteInfo = DemoWebServices;
		};
/* End PBXContainerItemProxy section */

/* Begin PBXFileReference section */
		92481B401D1C1D550090A979 /* DemoWebServices.app */ = {isa = PBXFileReference; explicitFileType = wrapper.application; includeInIndex = 0; path = DemoWebServices.app; sourceTree = BUILT_PRODUCTS_DIR; };
		92481B441D1C1D550090A979 /* main.m */ = {isa = PBXFileReference; lastKnownFileType = sourcecode.c.objc; path = main.m; sourceTree = "<group>"; };
		92481B461D1C1D550090A979 /* AppDelegate.h */ = {isa = PBXFileReference; lastKnownFileType = sourcecode.c.h; path = AppDelegate.h; sourceTree = "<group>"; };
		92481B471D1C1D550090A979 /* AppDelegate.m */ = {isa = PBXFileReference; lastKnownFileType = sourcecode.c.objc; path = AppDelegate.m; sourceTree = "<group>"; };
		92481B491D1C1D550090A979 /* ViewController.h */ = {isa = PBXFileReference; lastKnownFileType = sourcecode.c.h; path = ViewController.h; sourceTree = "<group>"; };
		92481B4A1D1C1D550090A979 /* ViewController.m */ = {isa = PBXFileReference; lastKnownFileType = sourcecode.c.objc; path = ViewController.m; sourceTree = "<group>"; };
		92481B4D1D1C1D550090A979 /* Base */ = {isa = PBXFileReference; lastKnownFileType = file.storyboard; name = Base; path = Base.lproj/Main.storyboard; sourceTree = "<group>"; };
		92481B4F1D1C1D550090A979 /* Assets.xcassets */ = {isa = PBXFileReference; lastKnownFileType = folder.assetcatalog; path = Assets.xcassets; sourceTree = "<group>"; };
		92481B521D1C1D550090A979 /* Base */ = {isa = PBXFileReference; lastKnownFileType = file.storyboard; name = Base; path = Base.lproj/LaunchScreen.storyboard; sourceTree = "<group>"; };
		92481B541D1C1D550090A979 /* Info.plist */ = {isa = PBXFileReference; lastKnownFileType = text.plist.xml; path = Info.plist; sourceTree = "<group>"; };
		92481B591D1C1D550090A979 /* DemoWebServicesTests.xctest */ = {isa = PBXFileReference; explicitFileType = wrapper.cfbundle; includeInIndex = 0; path = DemoWebServicesTests.xctest; sourceTree = BUILT_PRODUCTS_DIR; };
		92481B5D1D1C1D550090A979 /* DemoWebServicesTests.m */ = {isa = PBXFileReference; lastKnownFileType = sourcecode.c.objc; path = DemoWebServicesTests.m; sourceTree = "<group>"; };
		92481B5F1D1C1D550090A979 /* Info.plist */ = {isa = PBXFileReference; lastKnownFileType = text.plist.xml; path = Info.plist; sourceTree = "<group>"; };
		92481B641D1C1D550090A979 /* DemoWebServicesUITests.xctest */ = {isa = PBXFileReference; explicitFileType = wrapper.cfbundle; includeInIndex = 0; path = DemoWebServicesUITests.xctest; sourceTree = BUILT_PRODUCTS_DIR; };
		92481B681D1C1D550090A979 /* DemoWebServicesUITests.m */ = {isa = PBXFileReference; lastKnownFileType = sourcecode.c.objc; path = DemoWebServicesUITests.m; sourceTree = "<group>"; };
		92481B6A1D1C1D550090A979 /* Info.plist */ = {isa = PBXFileReference; lastKnownFileType = text.plist.xml; path = Info.plist; sourceTree = "<group>"; };
/* End PBXFileReference section */

/* Begin PBXFrameworksBuildPhase section */
		92481B3D1D1C1D540090A979 /* Frameworks */ = {
			isa = PBXFrameworksBuildPhase;
			buildActionMask = 2147483647;
			files = (
			);
			runOnlyForDeploymentPostprocessing = 0;
		};
		92481B561D1C1D550090A979 /* Frameworks */ = {
			isa = PBXFrameworksBuildPhase;
			buildActionMask = 2147483647;
			files = (
			);
			runOnlyForDeploymentPostprocessing = 0;
		};
		92481B611D1C1D550090A979 /* Frameworks */ = {
			isa = PBXFrameworksBuildPhase;
			buildActionMask = 2147483647;
			files = (
			);
			runOnlyForDeploymentPostprocessing = 0;
		};
/* End PBXFrameworksBuildPhase section */

/* Begin PBXGroup section */
		92481B371D1C1D540090A979 = {
			isa = PBXGroup;
			children = (
				92481B421D1C1D550090A979 /* DemoWebServices */,
				92481B5C1D1C1D550090A979 /* DemoWebServicesTests */,
				92481B671D1C1D550090A979 /* DemoWebServicesUITests */,
				92481B411D1C1D550090A979 /* Products */,
			);
			sourceTree = "<group>";
		};
		92481B411D1C1D550090A979 /* Products */ = {
			isa = PBXGroup;
			children = (
				92481B401D1C1D550090A979 /* DemoWebServices.app */,
				92481B591D1C1D550090A979 /* DemoWebServicesTests.xctest */,
				92481B641D1C1D550090A979 /* DemoWebServicesUITests.xctest */,
			);
			name = Products;
			sourceTree = "<group>";
		};
		92481B421D1C1D550090A979 /* DemoWebServices */ = {
			isa = PBXGroup;
			children = (
				92481B461D1C1D550090A979 /* AppDelegate.h */,
				92481B471D1C1D550090A979 /* AppDelegate.m */,
				92481B491D1C1D550090A979 /* ViewController.h */,
				92481B4A1D1C1D550090A979 /* ViewController.m */,
				92481B4C1D1C1D550090A979 /* Main.storyboard */,
				92481B4F1D1C1D550090A979 /* Assets.xcassets */,
				92481B511D1C1D550090A979 /* LaunchScreen.storyboard */,
				92481B541D1C1D550090A979 /* Info.plist */,
				92481B431D1C1D550090A979 /* Supporting Files */,
			);
			path = DemoWebServices;
			sourceTree = "<group>";
		};
		92481B431D1C1D550090A979 /* Supporting Files */ = {
			isa = PBXGroup;
			children = (
				92481B441D1C1D550090A979 /* main.m */,
			);
			name = "Supporting Files";
			sourceTree = "<group>";
		};
		92481B5C1D1C1D550090A979 /* DemoWebServicesTests */ = {
			isa = PBXGroup;
			children = (
				92481B5D1D1C1D550090A979 /* DemoWebServicesTests.m */,
				92481B5F1D1C1D550090A979 /* Info.plist */,
			);
			path = DemoWebServicesTests;
			sourceTree = "<group>";
		};
		92481B671D1C1D550090A979 /* DemoWebServicesUITests */ = {
			isa = PBXGroup;
			children = (
				92481B681D1C1D550090A979 /* DemoWebServicesUITests.m */,
				92481B6A1D1C1D550090A979 /* Info.plist */,
			);
			path = DemoWebServicesUITests;
			sourceTree = "<group>";
		};
/* End PBXGroup section */

/* Begin PBXNativeTarget section */
		92481B3F1D1C1D540090A979 /* DemoWebServices */ = {
			isa = PBXNativeTarget;
			buildConfigurationList = 92481B6D1D1C1D550090A979 /* Build configuration list for PBXNativeTarget "DemoWebServices" */;
			buildPhases = (
				92481B3C1D1C1D540090A979 /* Sources */,
				92481B3D1D1C1D540090A979 /* Frameworks */,
				92481B3E1D1C1D540090A979 /* Resources */,
			);
			buildRules = (
			);
			dependencies = (
			);
			name = DemoWebServices;
			productName = DemoWebServices;
			productReference = 92481B401D1C1D550090A979 /* DemoWebServices.app */;
			productType = "com.apple.product-type.application";
		};
		92481B581D1C1D550090A979 /* DemoWebServicesTests */ = {
			isa = PBXNativeTarget;
			buildConfigurationList = 92481B701D1C1D550090A979 /* Build configuration list for PBXNativeTarget "DemoWebServicesTests" */;
			buildPhases = (
				92481B551D1C1D550090A979 /* Sources */,
				92481B561D1C1D550090A979 /* Frameworks */,
				92481B571D1C1D550090A979 /* Resources */,
			);
			buildRules = (
			);
			dependencies = (
				92481B5B1D1C1D550090A979 /* PBXTargetDependency */,
			);
			name = DemoWebServicesTests;
			productName = DemoWebServicesTests;
			productReference = 92481B591D1C1D550090A979 /* DemoWebServicesTests.xctest */;
			productType = "com.apple.product-type.bundle.unit-test";
		};
		92481B631D1C1D550090A979 /* DemoWebServicesUITests */ = {
			isa = PBXNativeTarget;
			buildConfigurationList = 92481B731D1C1D550090A979 /* Build configuration list for PBXNativeTarget "DemoWebServicesUITests" */;
			buildPhases = (
				92481B601D1C1D550090A979 /* Sources */,
				92481B611D1C1D550090A979 /* Frameworks */,
				92481B621D1C1D550090A979 /* Resources */,
			);
			buildRules = (
			);
			dependencies = (
				92481B661D1C1D550090A979 /* PBXTargetDependency */,
			);
			name = DemoWebServicesUITests;
			productName = DemoWebServicesUITests;
			productReference = 92481B641D1C1D550090A979 /* DemoWebServicesUITests.xctest */;
			productType = "com.apple.product-type.bundle.ui-testing";
		};
/* End PBXNativeTarget section */

/* Begin PBXProject section */
		92481B381D1C1D540090A979 /* Project object */ = {
			isa = PBXProject;
			attributes = {
				LastUpgradeCheck = 0710;
				ORGANIZATIONNAME = ankur;
				TargetAttributes = {
					92481B3F1D1C1D540090A979 = {
						CreatedOnToolsVersion = 7.1.1;
					};
					92481B581D1C1D550090A979 = {
						CreatedOnToolsVersion = 7.1.1;
						TestTargetID = 92481B3F1D1C1D540090A979;
					};
					92481B631D1C1D550090A979 = {
						CreatedOnToolsVersion = 7.1.1;
						TestTargetID = 92481B3F1D1C1D540090A979;
					};
				};
			};
			buildConfigurationList = 92481B3B1D1C1D540090A979 /* Build configuration list for PBXProject "DemoWebServices" */;
			compatibilityVersion = "Xcode 3.2";
			developmentRegion = English;
			hasScannedForEncodings = 0;
			knownRegions = (
				en,
				Base,
			);
			mainGroup = 92481B371D1C1D540090A979;
			productRefGroup = 92481B411D1C1D550090A979 /* Products */;
			projectDirPath = "";
			projectRoot = "";
			targets = (
				92481B3F1D1C1D540090A979 /* DemoWebServices */,
				92481B581D1C1D550090A979 /* DemoWebServicesTests */,
				92481B631D1C1D550090A979 /* DemoWebServicesUITests */,
			);
		};
/* End PBXProject section */

/* Begin PBXResourcesBuildPhase section */
		92481B3E1D1C1D540090A979 /* Resources */ = {
			isa = PBXResourcesBuildPhase;
			buildActionMask = 2147483647;
			files = (
				92481B531D1C1D550090A979 /* LaunchScreen.storyboard in Resources */,
				92481B501D1C1D550090A979 /* Assets.xcassets in Resources */,
				92481B4E1D1C1D550090A979 /* Main.storyboard in Resources */,
			);
			runOnlyForDeploymentPostprocessing = 0;
		};
		92481B571D1C1D550090A979 /* Resources */ = {
			isa = PBXResourcesBuildPhase;
			buildActionMask = 2147483647;
			files = (
			);
			runOnlyForDeploymentPostprocessing = 0;
		};
		92481B621D1C1D550090A979 /* Resources */ = {
			isa = PBXResourcesBuildPhase;
			buildActionMask = 2147483647;
			files = (
			);
			runOnlyForDeploymentPostprocessing = 0;
		};
/* End PBXResourcesBuildPhase section */

/* Begin PBXSourcesBuildPhase section */
		92481B3C1D1C1D540090A979 /* Sources */ = {
			isa = PBXSourcesBuildPhase;
			buildActionMask = 2147483647;
			files = (
				92481B4B1D1C1D550090A979 /* ViewController.m in Sources */,
				92481B481D1C1D550090A979 /* AppDelegate.m in Sources */,
				92481B451D1C1D550090A979 /* main.m in Sources */,
			);
			runOnlyForDeploymentPostprocessing = 0;
		};
		92481B551D1C1D550090A979 /* Sources */ = {
			isa = PBXSourcesBuildPhase;
			buildActionMask = 2147483647;
			files = (
				92481B5E1D1C1D550090A979 /* DemoWebServicesTests.m in Sources */,
			);
			runOnlyForDeploymentPostprocessing = 0;
		};
		92481B601D1C1D550090A979 /* Sources */ = {
			isa = PBXSourcesBuildPhase;
			buildActionMask = 2147483647;
			files = (
				92481B691D1C1D550090A979 /* DemoWebServicesUITests.m in Sources */,
			);
			runOnlyForDeploymentPostprocessing = 0;
		};
/* End PBXSourcesBuildPhase section */

/* Begin PBXTargetDependency section */
		92481B5B1D1C1D550090A979 /* PBXTargetDependency */ = {
			isa = PBXTargetDependency;
			target = 92481B3F1D1C1D540090A979 /* DemoWebServices */;
			targetProxy = 92481B5A1D1C1D550090A979 /* PBXContainerItemProxy */;
		};
		92481B661D1C1D550090A979 /* PBXTargetDependency */ = {
			isa = PBXTargetDependency;
			target = 92481B3F1D1C1D540090A979 /* DemoWebServices */;
			targetProxy = 92481B651D1C1D550090A979 /* PBXContainerItemProxy */;
		};
/* End PBXTargetDependency section */

/* Begin PBXVariantGroup section */
		92481B4C1D1C1D550090A979 /* Main.storyboard */ = {
			isa = PBXVariantGroup;
			children = (
				92481B4D1D1C1D550090A979 /* Base */,
			);
			name = Main.storyboard;
			sourceTree = "<group>";
		};
		92481B511D1C1D550090A979 /* LaunchScreen.storyboard */ = {
			isa = PBXVariantGroup;
			children = (
				92481B521D1C1D550090A979 /* Base */,
			);
			name = LaunchScreen.storyboard;
			sourceTree = "<group>";
		};
/* End PBXVariantGroup section */

/* Begin XCBuildConfiguration section */
		92481B6B1D1C1D550090A979 /* Debug */ = {
			isa = XCBuildConfiguration;
			buildSettings = {
				ALWAYS_SEARCH_USER_PATHS = NO;
				CLANG_CXX_LANGUAGE_STANDARD = "gnu++0x";
				CLANG_CXX_LIBRARY = "libc++";
				CLANG_ENABLE_MODULES = YES;
				CLANG_ENABLE_OBJC_ARC = YES;
				CLANG_WARN_BOOL_CONVERSION = YES;
				CLANG_WARN_CONSTANT_CONVERSION = YES;
				CLANG_WARN_DIRECT_OBJC_ISA_USAGE = YES_ERROR;
				CLANG_WARN_EMPTY_BODY = YES;
				CLANG_WARN_ENUM_CONVERSION = YES;
				CLANG_WARN_INT_CONVERSION = YES;
				CLANG_WARN_OBJC_ROOT_CLASS = YES_ERROR;
				CLANG_WARN_UNREACHABLE_CODE = YES;
				CLANG_WARN__DUPLICATE_METHOD_MATCH = YES;
				"CODE_SIGN_IDENTITY[sdk=iphoneos*]" = "iPhone Developer";
				COPY_PHASE_STRIP = NO;
				DEBUG_INFORMATION_FORMAT = dwarf;
				ENABLE_STRICT_OBJC_MSGSEND = YES;
				ENABLE_TESTABILITY = YES;
				GCC_C_LANGUAGE_STANDARD = gnu99;
				GCC_DYNAMIC_NO_PIC = NO;
				GCC_NO_COMMON_BLOCKS = YES;
				GCC_OPTIMIZATION_LEVEL = 0;
				GCC_PREPROCESSOR_DEFINITIONS = (
					"DEBUG=1",
					"$(inherited)",
				);
				GCC_WARN_64_TO_32_BIT_CONVERSION = YES;
				GCC_WARN_ABOUT_RETURN_TYPE = YES_ERROR;
				GCC_WARN_UNDECLARED_SELECTOR = YES;
				GCC_WARN_UNINITIALIZED_AUTOS = YES_AGGRESSIVE;
				GCC_WARN_UNUSED_FUNCTION = YES;
				GCC_WARN_UNUSED_VARIABLE = YES;
				IPHONEOS_DEPLOYMENT_TARGET = 9.1;
				MTL_ENABLE_DEBUG_INFO = YES;
				ONLY_ACTIVE_ARCH = YES;
				SDKROOT = iphoneos;
				TARGETED_DEVICE_FAMILY = "1,2";
			};
			name = Debug;
		};
		92481B6C1D1C1D550090A979 /* Release */ = {
			isa = XCBuildConfiguration;
			buildSettings = {
				ALWAYS_SEARCH_USER_PATHS = NO;
				CLANG_CXX_LANGUAGE_STANDARD = "gnu++0x";
				CLANG_CXX_LIBRARY = "libc++";
				CLANG_ENABLE_MODULES = YES;
				CLANG_ENABLE_OBJC_ARC = YES;
				CLANG_WARN_BOOL_CONVERSION = YES;
				CLANG_WARN_CONSTANT_CONVERSION = YES;
				CLANG_WARN_DIRECT_OBJC_ISA_USAGE = YES_ERROR;
				CLANG_WARN_EMPTY_BODY = YES;
				CLANG_WARN_ENUM_CONVERSION = YES;
				CLANG_WARN_INT_CONVERSION = YES;
				CLANG_WARN_OBJC_ROOT_CLASS = YES_ERROR;
				CLANG_WARN_UNREACHABLE_CODE = YES;
				CLANG_WARN__DUPLICATE_METHOD_MATCH = YES;
				"CODE_SIGN_IDENTITY[sdk=iphoneos*]" = "iPhone Developer";
				COPY_PHASE_STRIP = NO;
				DEBUG_INFORMATION_FORMAT = "dwarf-with-dsym";
				ENABLE_NS_ASSERTIONS = NO;
				ENABLE_STRICT_OBJC_MSGSEND = YES;
				GCC_C_LANGUAGE_STANDARD = gnu99;
				GCC_NO_COMMON_BLOCKS = YES;
				GCC_WARN_64_TO_32_BIT_CONVERSION = YES;
				GCC_WARN_ABOUT_RETURN_TYPE = YES_ERROR;
				GCC_WARN_UNDECLARED_SELECTOR = YES;
				GCC_WARN_UNINITIALIZED_AUTOS = YES_AGGRESSIVE;
				GCC_WARN_UNUSED_FUNCTION = YES;
				GCC_WARN_UNUSED_VARIABLE = YES;
				IPHONEOS_DEPLOYMENT_TARGET = 9.1;
				MTL_ENABLE_DEBUG_INFO = NO;
				SDKROOT = iphoneos;
				TARGETED_DEVICE_FAMILY = "1,2";
				VALIDATE_PRODUCT = YES;
			};
			name = Release;
		};
		92481B6E1D1C1D550090A979 /* Debug */ = {
			isa = XCBuildConfiguration;
			buildSettings = {
				ASSETCATALOG_COMPILER_APPICON_NAME = AppIcon;
				INFOPLIST_FILE = DemoWebServices/Info.plist;
				LD_RUNPATH_SEARCH_PATHS = "$(inherited) @executable_path/Frameworks";
				PRODUCT_BUNDLE_IDENTIFIER = com.knight.DemoWebServices;
				PRODUCT_NAME = "$(TARGET_NAME)";
			};
			name = Debug;
		};
		92481B6F1D1C1D550090A979 /* Release */ = {
			isa = XCBuildConfiguration;
			buildSettings = {
				ASSETCATALOG_COMPILER_APPICON_NAME = AppIcon;
				INFOPLIST_FILE = DemoWebServices/Info.plist;
				LD_RUNPATH_SEARCH_PATHS = "$(inherited) @executable_path/Frameworks";
				PRODUCT_BUNDLE_IDENTIFIER = com.knight.DemoWebServices;
				PRODUCT_NAME = "$(TARGET_NAME)";
			};
			name = Release;
		};
		92481B711D1C1D550090A979 /* Debug */ = {
			isa = XCBuildConfiguration;
			buildSettings = {
				BUNDLE_LOADER = "$(TEST_HOST)";
				INFOPLIST_FILE = DemoWebServicesTests/Info.plist;
				LD_RUNPATH_SEARCH_PATHS = "$(inherited) @executable_path/Frameworks @loader_path/Frameworks";
				PRODUCT_BUNDLE_IDENTIFIER = com.knight.DemoWebServicesTests;
				PRODUCT_NAME = "$(TARGET_NAME)";
				TEST_HOST = "$(BUILT_PRODUCTS_DIR)/DemoWebServices.app/DemoWebServices";
			};
			name = Debug;
		};
		92481B721D1C1D550090A979 /* Release */ = {
			isa = XCBuildConfiguration;
			buildSettings = {
				BUNDLE_LOADER = "$(TEST_HOST)";
				INFOPLIST_FILE = DemoWebServicesTests/Info.plist;
				LD_RUNPATH_SEARCH_PATHS = "$(inherited) @executable_path/Frameworks @loader_path/Frameworks";
				PRODUCT_BUNDLE_IDENTIFIER = com.knight.DemoWebServicesTests;
				PRODUCT_NAME = "$(TARGET_NAME)";
				TEST_HOST = "$(BUILT_PRODUCTS_DIR)/DemoWebServices.app/DemoWebServices";
			};
			name = Release;
		};
		92481B741D1C1D550090A979 /* Debug */ = {
			isa = XCBuildConfiguration;
			buildSettings = {
				INFOPLIST_FILE = DemoWebServicesUITests/Info.plist;
				LD_RUNPATH_SEARCH_PATHS = "$(inherited) @executable_path/Frameworks @loader_path/Frameworks";
				PRODUCT_BUNDLE_IDENTIFIER = com.knight.DemoWebServicesUITests;
				PRODUCT_NAME = "$(TARGET_NAME)";
				TEST_TARGET_NAME = DemoWebServices;
				USES_XCTRUNNER = YES;
			};
			name = Debug;
		};
		92481B751D1C1D550090A979 /* Release */ = {
			isa = XCBuildConfiguration;
			buildSettings = {
				INFOPLIST_FILE = DemoWebServicesUITests/Info.plist;
				LD_RUNPATH_SEARCH_PATHS = "$(inherited) @executable_path/Frameworks @loader_path/Frameworks";
				PRODUCT_BUNDLE_IDENTIFIER = com.knight.DemoWebServicesUITests;
				PRODUCT_NAME = "$(TARGET_NAME)";
				TEST_TARGET_NAME = DemoWebServices;
				USES_XCTRUNNER = YES;
			};
			name = Release;
		};
/* End XCBuildConfiguration section */

/* Begin XCConfigurationList section */
		92481B3B1D1C1D540090A979 /* Build configuration list for PBXProject "DemoWebServices" */ = {
			isa = XCConfigurationList;
			buildConfigurations = (
				92481B6B1D1C1D550090A979 /* Debug */,
				92481B6C1D1C1D550090A979 /* Release */,
			);
			defaultConfigurationIsVisible = 0;
			defaultConfigurationName = Release;
		};
		92481B6D1D1C1D550090A979 /* Build configuration list for PBXNativeTarget "DemoWebServices" */ = {
			isa = XCConfigurationList;
			buildConfigurations = (
				92481B6E1D1C1D550090A979 /* Debug */,
				92481B6F1D1C1D550090A979 /* Release */,
			);
			defaultConfigurationIsVisible = 0;
		};
		92481B701D1C1D550090A979 /* Build configuration list for PBXNativeTarget "DemoWebServicesTests" */ = {
			isa = XCConfigurationList;
			buildConfigurations = (
				92481B711D1C1D550090A979 /* Debug */,
				92481B721D1C1D550090A979 /* Release */,
			);
			defaultConfigurationIsVisible = 0;
		};
		92481B731D1C1D550090A979 /* Build configuration list for PBXNativeTarget "DemoWebServicesUITests" */ = {
			isa = XCConfigurationList;
			buildConfigurations = (
				92481B741D1C1D550090A979 /* Debug */,
				92481B751D1C1D550090A979 /* Release */,
			);
			defaultConfigurationIsVisible = 0;
		};
/* End XCConfigurationList section */
	};
	rootObject = 92481B381D1C1D540090A979 /* Project object */;
}
